
Microsoft Visual Studio Solution File, Format Version 12.00
# Visual Studio Version 17
VisualStudioVersion = 17.9.34723.18
MinimumVisualStudioVersion = 10.0.40219.1
Project("{9A19103F-16F7-4668-BE54-9A1E7A4F7556}") = "Analytics_Hub", "Analytics_Hub.csproj", "{FB366647-A5F3-448E-96DB-9AAAA05E86AB}"
EndProject
Global
	GlobalSection(SolutionConfigurationPlatforms) = preSolution
		Debug|Any CPU = Debug|Any CPU
		Release|Any CPU = Release|Any CPU
	EndGlobalSection
	GlobalSection(ProjectConfigurationPlatforms) = postSolution
		{FB366647-A5F3-448E-96DB-9AAAA05E86AB}.Debug|Any CPU.ActiveCfg = Debug|Any CPU
		{FB366647-A5F3-448E-96DB-9AAAA05E86AB}.Debug|Any CPU.Build.0 = Debug|Any CPU
		{FB366647-A5F3-448E-96DB-9AAAA05E86AB}.Release|Any CPU.ActiveCfg = Release|Any CPU
		{FB366647-A5F3-448E-96DB-9AAAA05E86AB}.Release|Any CPU.Build.0 = Release|Any CPU
	EndGlobalSection
	GlobalSection(SolutionProperties) = preSolution
		HideSolutionNode = FALSE
	EndGlobalSection
	GlobalSection(ExtensibilityGlobals) = postSolution
		SolutionGuid = {DBA80066-0F57-4406-B832-96B41910EA6D}
	EndGlobalSection
EndGlobal
